
Microsoft Visual Studio Solution File, Format Version 12.00
# Visual Studio Version 17
VisualStudioVersion = 17.5.002.0
MinimumVisualStudioVersion = 10.0.40219.1
Project("{9A19103F-16F7-4668-BE54-9A1E7A4F7556}") = "mis-221-lab-4-lhnguyen015", "mis-221-lab-4-lhnguyen015.csproj", "{BDC3704D-C46E-4C2A-AA1A-149B62A75FF1}"
EndProject
Global
	GlobalSection(SolutionConfigurationPlatforms) = preSolution
		Debug|Any CPU = Debug|Any CPU
		Release|Any CPU = Release|Any CPU
	EndGlobalSection
	GlobalSection(ProjectConfigurationPlatforms) = postSolution
		{BDC3704D-C46E-4C2A-AA1A-149B62A75FF1}.Debug|Any CPU.ActiveCfg = Debug|Any CPU
		{BDC3704D-C46E-4C2A-AA1A-149B62A75FF1}.Debug|Any CPU.Build.0 = Debug|Any CPU
		{BDC3704D-C46E-4C2A-AA1A-149B62A75FF1}.Release|Any CPU.ActiveCfg = Release|Any CPU
		{BDC3704D-C46E-4C2A-AA1A-149B62A75FF1}.Release|Any CPU.Build.0 = Release|Any CPU
	EndGlobalSection
	GlobalSection(SolutionProperties) = preSolution
		HideSolutionNode = FALSE
	EndGlobalSection
	GlobalSection(ExtensibilityGlobals) = postSolution
		SolutionGuid = {99FED462-30E1-4FB4-99B4-D8B17283EAA3}
	EndGlobalSection
EndGlobal
